github.com/thechicken82/car v0.0.0-20241125042244-489bce7c7982 h1:Q1uyJaoLQ3LUuexRVIEHmeGGZznKkLlEczjJM3QJS0o=
github.com/thechicken82/car v0.0.0-20241125042244-489bce7c7982/go.mod h1:xh6oOG1eHs5Dw24HTJG7HRyj0aEDUBXe3/ntctiCpXw=
github.com/thechicken82/car_base v0.0.0-20241125040147-66cba6e0feff h1:cPv+LAbYLqD0/BX1RTFj+N52PQBl9ATYDmhMJjdLZqQ=
github.com/thechicken82/car_base v0.0.0-20241125040147-66cba6e0feff/go.mod h1:Bg87EKtbtpVswOK2pVWbWvhF1aa7+CLKx63XsXAL1KM=
